Microsoft Visual Studio Solution File, Format Version 12.00
# Visual Studio Version 17
VisualStudioVersion = 17.5.2.0
MinimumVisualStudioVersion = 10.0.40219.1
Project("{FAE04EC0-301F-11D3-BF4B-00C04F79EFBC}") = "ChristmasMVC", "ChristmasMVC.csproj", "{D066160E-BD26-400E-07E2-9FD0120BD12E}"
EndProject
Global
	GlobalSection(SolutionConfigurationPlatforms) = preSolution
		Debug|Any CPU = Debug|Any CPU
		Release|Any CPU = Release|Any CPU
	EndGlobalSection
	GlobalSection(ProjectConfigurationPlatforms) = postSolution
		{D066160E-BD26-400E-07E2-9FD0120BD12E}.Debug|Any CPU.ActiveCfg = Debug|Any CPU
		{D066160E-BD26-400E-07E2-9FD0120BD12E}.Debug|Any CPU.Build.0 = Debug|Any CPU
		{D066160E-BD26-400E-07E2-9FD0120BD12E}.Release|Any CPU.ActiveCfg = Release|Any CPU
		{D066160E-BD26-400E-07E2-9FD0120BD12E}.Release|Any CPU.Build.0 = Release|Any CPU
	EndGlobalSection
	GlobalSection(SolutionProperties) = preSolution
		HideSolutionNode = FALSE
	EndGlobalSection
	GlobalSection(ExtensibilityGlobals) = postSolution
		SolutionGuid = {5538DF67-1182-43DB-BDD3-9861E77A8053}
	EndGlobalSection
EndGlobal
